
Microsoft Visual Studio Solution File, Format Version 12.00
# Visual Studio 15
VisualStudioVersion = 15.0.27130.2020
MinimumVisualStudioVersion = 10.0.40219.1
Project("{FAE04EC0-301F-11D3-BF4B-00C04F79EFBC}") = "AstronomicalAlgorithms", "AstronomicalAlgorithms\AstronomicalAlgorithms.csproj", "{03F99AEF-2AD3-4280-909C-111F11D30E44}"
EndProject
Project("{FAE04EC0-301F-11D3-BF4B-00C04F79EFBC}") = "AstronomicalAlgorithms.Tests", "AstronomicalAlgorithms.Tests\AstronomicalAlgorithms.Tests.csproj", "{E8740806-C703-4BAE-971E-216B43020C06}"
EndProject
Project("{2150E333-8FDC-42A3-9474-1A3956D46DE8}") = "Tests", "Tests", "{D129951A-31DA-479C-AF31-3CC8E1CE898D}"
EndProject
Global
	GlobalSection(SolutionConfigurationPlatforms) = preSolution
		Debug|Any CPU = Debug|Any CPU
		Release|Any CPU = Release|Any CPU
	EndGlobalSection
	GlobalSection(ProjectConfigurationPlatforms) = postSolution
		{03F99AEF-2AD3-4280-909C-111F11D30E44}.Debug|Any CPU.ActiveCfg = Debug|Any CPU
		{03F99AEF-2AD3-4280-909C-111F11D30E44}.Debug|Any CPU.Build.0 = Debug|Any CPU
		{03F99AEF-2AD3-4280-909C-111F11D30E44}.Release|Any CPU.ActiveCfg = Release|Any CPU
		{03F99AEF-2AD3-4280-909C-111F11D30E44}.Release|Any CPU.Build.0 = Release|Any CPU
		{E8740806-C703-4BAE-971E-216B43020C06}.Debug|Any CPU.ActiveCfg = Debug|Any CPU
		{E8740806-C703-4BAE-971E-216B43020C06}.Debug|Any CPU.Build.0 = Debug|Any CPU
		{E8740806-C703-4BAE-971E-216B43020C06}.Release|Any CPU.ActiveCfg = Release|Any CPU
		{E8740806-C703-4BAE-971E-216B43020C06}.Release|Any CPU.Build.0 = Release|Any CPU
	EndGlobalSection
	GlobalSection(SolutionProperties) = preSolution
		HideSolutionNode = FALSE
	EndGlobalSection
	GlobalSection(NestedProjects) = preSolution
		{E8740806-C703-4BAE-971E-216B43020C06} = {D129951A-31DA-479C-AF31-3CC8E1CE898D}
	EndGlobalSection
	GlobalSection(ExtensibilityGlobals) = postSolution
		SolutionGuid = {3669D9B2-56BE-4135-97A8-1CAC6E7329A7}
	EndGlobalSection
EndGlobal
